// !$*UTF8*$!
{
	archiveVersion = 1;
	classes = {
	};
	objectVersion = 46;
	objects = {

/* Begin PBXBuildFile section */
		1B0B634E1D641CC100AA5D0E /* Cocoa.framework in Frameworks */ = {isa = PBXBuildFile; fileRef = 1B0B634D1D641CC100AA5D0E /* Cocoa.framework */; };
		1B0B63501D641CC900AA5D0E /* AVFoundation.framework in Frameworks */ = {isa = PBXBuildFile; fileRef = 1B0B634F1D641CC900AA5D0E /* AVFoundation.framework */; };
		1B0D64371D4FB14C00A1AB5D /* GZIP.m in Sources */ = {isa = PBXBuildFile; fileRef = 1B0D64361D4FB14C00A1AB5D /* GZIP.m */; };
		1B0D64391D4FB21F00A1AB5D /* libz.tbd in Frameworks */ = {isa = PBXBuildFile; fileRef = 1B0D64381D4FB21F00A1AB5D /* libz.tbd */; };
		1B0D643C1D4FD48E00A1AB5D /* CustomVisualEffectView.m in Sources */ = {isa = PBXBuildFile; fileRef = 1B0D643B1D4FD48E00A1AB5D /* CustomVisualEffectView.m */; };
		1B9873F61D47A5540015E54C /* AppDelegate.m in Sources */ = {isa = PBXBuildFile; fileRef = 1B9873F51D47A5540015E54C /* AppDelegate.m */; };
		1B9873F91D47A5540015E54C /* main.m in Sources */ = {isa = PBXBuildFile; fileRef = 1B9873F81D47A5540015E54C /* main.m */; };
		1B9873FB1D47A5540015E54C /* Assets.xcassets in Resources */ = {isa = PBXBuildFile; fileRef = 1B9873FA1D47A5540015E54C /* Assets.xcassets */; };
		1B9873FE1D47A5540015E54C /* MainMenu.xib in Resources */ = {isa = PBXBuildFile; fileRef = 1B9873FC1D47A5540015E54C /* MainMenu.xib */; };
		1B9874171D48014C0015E54C /* SynopsisCollectionViewItem.m in Sources */ = {isa = PBXBuildFile; fileRef = 1B9874151D48014C0015E54C /* SynopsisCollectionViewItem.m */; };
		1B9874181D48014C0015E54C /* SynopsisCollectionViewItem.xib in Resources */ = {isa = PBXBuildFile; fileRef = 1B9874161D48014C0015E54C /* SynopsisCollectionViewItem.xib */; };
		1B98741E1D4A9AFB0015E54C /* SynopsisMetadataItem.m in Sources */ = {isa = PBXBuildFile; fileRef = 1B98741D1D4A9AFB0015E54C /* SynopsisMetadataItem.m */; };
		1BBB10D21D527CBE00C22439 /* CGLayerView.m in Sources */ = {isa = PBXBuildFile; fileRef = 1BBB10D11D527CBE00C22439 /* CGLayerView.m */; };
		1BBB10F91D555DDC00C22439 /* Synopsis.framework in CopyFiles */ = {isa = PBXBuildFile; fileRef = 1BBB10ED1D5558C400C22439 /* Synopsis.framework */; settings = {ATTRIBUTES = (CodeSignOnCopy, RemoveHeadersOnCopy, ); }; };
		1BBB10FD1D55992200C22439 /* Synopsis.framework in Frameworks */ = {isa = PBXBuildFile; fileRef = 1BBB10ED1D5558C400C22439 /* Synopsis.framework */; };
		1BD710AE1D620070007D61B9 /* SynopsisCollectionViewItemView.m in Sources */ = {isa = PBXBuildFile; fileRef = 1BD710AD1D620070007D61B9 /* SynopsisCollectionViewItemView.m */; };
		1BD710B11D620AC8007D61B9 /* AAPLWrappedLayout.m in Sources */ = {isa = PBXBuildFile; fileRef = 1BD710B01D620AC8007D61B9 /* AAPLWrappedLayout.m */; };
		1BDC34331D6AB02100D210E8 /* MetadataDominantColorsView.m in Sources */ = {isa = PBXBuildFile; fileRef = 1BDC34321D6AB02100D210E8 /* MetadataDominantColorsView.m */; };
		1BDC343A1D6AB30800D210E8 /* MetadataInspectorViewController.m in Sources */ = {isa = PBXBuildFile; fileRef = 1BDC34391D6AB30800D210E8 /* MetadataInspectorViewController.m */; };
		1BDC343D1D6B64BD00D210E8 /* MetadataHistogramView.m in Sources */ = {isa = PBXBuildFile; fileRef = 1BDC343C1D6B64BD00D210E8 /* MetadataHistogramView.m */; };
		1BDC34401D6CE2B900D210E8 /* MetadataMotionView.m in Sources */ = {isa = PBXBuildFile; fileRef = 1BDC343F1D6CE2B900D210E8 /* MetadataMotionView.m */; };
		1BDC34431D6CE38C00D210E8 /* MetadataLayerBackedView.m in Sources */ = {isa = PBXBuildFile; fileRef = 1BDC34421D6CE38C00D210E8 /* MetadataLayerBackedView.m */; };
		1BDC34461D6F8FFE00D210E8 /* TransparentView.m in Sources */ = {isa = PBXBuildFile; fileRef = 1BDC34451D6F8FFE00D210E8 /* TransparentView.m */; };
		1BDC34491D6F90FC00D210E8 /* TransparentTabView.m in Sources */ = {isa = PBXBuildFile; fileRef = 1BDC34481D6F90FC00D210E8 /* TransparentTabView.m */; };
/* End PBXBuildFile section */

/* Begin PBXContainerItemProxy section */
		1BBB10EC1D5558C400C22439 /* PBXContainerItemProxy */ = {
			isa = PBXContainerItemProxy;
			containerPortal = 1BBB10E81D5558C400C22439 /* Synopsis-Framework.xcodeproj */;
			proxyType = 2;
			remoteGlobalIDString = 1BBB10DD1D5542A200C22439;
			remoteInfo = Synopsis;
		};
		1BBB10EF1D5558E500C22439 /* PBXContainerItemProxy */ = {
			isa = PBXContainerItemProxy;
			containerPortal = 1BBB10E81D5558C400C22439 /* Synopsis-Framework.xcodeproj */;
			proxyType = 1;
			remoteGlobalIDString = 1BBB10DC1D5542A200C22439;
			remoteInfo = Synopsis;
		};
/* End PBXContainerItemProxy section */

/* Begin PBXCopyFilesBuildPhase section */
		1BBB10F81D555DD400C22439 /* CopyFiles */ = {
			isa = PBXCopyFilesBuildPhase;
			buildActionMask = 2147483647;
			dstPath = "";
			dstSubfolderSpec = 10;
			files = (
				1BBB10F91D555DDC00C22439 /* Synopsis.framework in CopyFiles */,
			);
			runOnlyForDeploymentPostprocessing = 0;
		};
/* End PBXCopyFilesBuildPhase section */

/* Begin PBXFileReference section */
		1B0B634D1D641CC100AA5D0E /* Cocoa.framework */ = {isa = PBXFileReference; lastKnownFileType = wrapper.framework; name = Cocoa.framework; path = System/Library/Frameworks/Cocoa.framework; sourceTree = SDKROOT; };
		1B0B634F1D641CC900AA5D0E /* AVFoundation.framework */ = {isa = PBXFileReference; lastKnownFileType = wrapper.framework; name = AVFoundation.framework; path = System/Library/Frameworks/AVFoundation.framework; sourceTree = SDKROOT; };
		1B0D64351D4FB14C00A1AB5D /* GZIP.h */ = {isa = PBXFileReference; fileEncoding = 4; lastKnownFileType = sourcecode.c.h; path = GZIP.h; sourceTree = "<group>"; };
		1B0D64361D4FB14C00A1AB5D /* GZIP.m */ = {isa = PBXFileReference; fileEncoding = 4; lastKnownFileType = sourcecode.c.objc; path = GZIP.m; sourceTree = "<group>"; };
		1B0D64381D4FB21F00A1AB5D /* libz.tbd */ = {isa = PBXFileReference; lastKnownFileType = "sourcecode.text-based-dylib-definition"; name = libz.tbd; path = usr/lib/libz.tbd; sourceTree = SDKROOT; };
		1B0D643A1D4FD48E00A1AB5D /* CustomVisualEffectView.h */ = {isa = PBXFileReference; fileEncoding = 4; lastKnownFileType = sourcecode.c.h; path = CustomVisualEffectView.h; sourceTree = "<group>"; };
		1B0D643B1D4FD48E00A1AB5D /* CustomVisualEffectView.m */ = {isa = PBXFileReference; fileEncoding = 4; lastKnownFileType = sourcecode.c.objc; path = CustomVisualEffectView.m; sourceTree = "<group>"; };
		1B9873F11D47A5540015E54C /* Synopsis Inspector.app */ = {isa = PBXFileReference; explicitFileType = wrapper.application; includeInIndex = 0; path = "Synopsis Inspector.app"; sourceTree = BUILT_PRODUCTS_DIR; };
		1B9873F41D47A5540015E54C /* AppDelegate.h */ = {isa = PBXFileReference; lastKnownFileType = sourcecode.c.h; path = AppDelegate.h; sourceTree = "<group>"; };
		1B9873F51D47A5540015E54C /* AppDelegate.m */ = {isa = PBXFileReference; lastKnownFileType = sourcecode.c.objc; path = AppDelegate.m; sourceTree = "<group>"; };
		1B9873F81D47A5540015E54C /* main.m */ = {isa = PBXFileReference; lastKnownFileType = sourcecode.c.objc; path = main.m; sourceTree = "<group>"; };
		1B9873FA1D47A5540015E54C /* Assets.xcassets */ = {isa = PBXFileReference; lastKnownFileType = folder.assetcatalog; path = Assets.xcassets; sourceTree = "<group>"; };
		1B9873FD1D47A5540015E54C /* Base */ = {isa = PBXFileReference; lastKnownFileType = file.xib; name = Base; path = Base.lproj/MainMenu.xib; sourceTree = "<group>"; };
		1B9873FF1D47A5540015E54C /* Info.plist */ = {isa = PBXFileReference; lastKnownFileType = text.plist.xml; path = Info.plist; sourceTree = "<group>"; };
		1B9874141D48014C0015E54C /* SynopsisCollectionViewItem.h */ = {isa = PBXFileReference; fileEncoding = 4; lastKnownFileType = sourcecode.c.h; path = SynopsisCollectionViewItem.h; sourceTree = "<group>"; };
		1B9874151D48014C0015E54C /* SynopsisCollectionViewItem.m */ = {isa = PBXFileReference; fileEncoding = 4; lastKnownFileType = sourcecode.c.objc; path = SynopsisCollectionViewItem.m; sourceTree = "<group>"; };
		1B9874161D48014C0015E54C /* SynopsisCollectionViewItem.xib */ = {isa = PBXFileReference; fileEncoding = 4; lastKnownFileType = file.xib; path = SynopsisCollectionViewItem.xib; sourceTree = "<group>"; };
		1B98741C1D4A9AFB0015E54C /* SynopsisMetadataItem.h */ = {isa = PBXFileReference; fileEncoding = 4; lastKnownFileType = sourcecode.c.h; path = SynopsisMetadataItem.h; sourceTree = "<group>"; };
		1B98741D1D4A9AFB0015E54C /* SynopsisMetadataItem.m */ = {isa = PBXFileReference; fileEncoding = 4; lastKnownFileType = sourcecode.c.objc; path = SynopsisMetadataItem.m; sourceTree = "<group>"; };
		1BBB10D01D527CBE00C22439 /* CGLayerView.h */ = {isa = PBXFileReference; fileEncoding = 4; lastKnownFileType = sourcecode.c.h; path = CGLayerView.h; sourceTree = "<group>"; };
		1BBB10D11D527CBE00C22439 /* CGLayerView.m */ = {isa = PBXFileReference; fileEncoding = 4; lastKnownFileType = sourcecode.c.objc; path = CGLayerView.m; sourceTree = "<group>"; };
		1BBB10E81D5558C400C22439 /* Synopsis-Framework.xcodeproj */ = {isa = PBXFileReference; lastKnownFileType = "wrapper.pb-project"; name = "Synopsis-Framework.xcodeproj"; path = "Synopsis-Framework/Synopsis/Synopsis-Framework.xcodeproj"; sourceTree = "<group>"; };
		1BD710AC1D620070007D61B9 /* SynopsisCollectionViewItemView.h */ = {isa = PBXFileReference; fileEncoding = 4; lastKnownFileType = sourcecode.c.h; path = SynopsisCollectionViewItemView.h; sourceTree = "<group>"; };
		1BD710AD1D620070007D61B9 /* SynopsisCollectionViewItemView.m */ = {isa = PBXFileReference; fileEncoding = 4; lastKnownFileType = sourcecode.c.objc; path = SynopsisCollectionViewItemView.m; sourceTree = "<group>"; };
		1BD710AF1D620AC8007D61B9 /* AAPLWrappedLayout.h */ = {isa = PBXFileReference; fileEncoding = 4; lastKnownFileType = sourcecode.c.h; path = AAPLWrappedLayout.h; sourceTree = "<group>"; };
		1BD710B01D620AC8007D61B9 /* AAPLWrappedLayout.m */ = {isa = PBXFileReference; fileEncoding = 4; lastKnownFileType = sourcecode.c.objc; path = AAPLWrappedLayout.m; sourceTree = "<group>"; };
		1BDC34311D6AB02100D210E8 /* MetadataDominantColorsView.h */ = {isa = PBXFileReference; fileEncoding = 4; lastKnownFileType = sourcecode.c.h; path = MetadataDominantColorsView.h; sourceTree = "<group>"; };
		1BDC34321D6AB02100D210E8 /* MetadataDominantColorsView.m */ = {isa = PBXFileReference; fileEncoding = 4; lastKnownFileType = sourcecode.c.objc; path = MetadataDominantColorsView.m; sourceTree = "<group>"; };
		1BDC34381D6AB30800D210E8 /* MetadataInspectorViewController.h */ = {isa = PBXFileReference; fileEncoding = 4; lastKnownFileType = sourcecode.c.h; path = MetadataInspectorViewController.h; sourceTree = "<group>"; };
		1BDC34391D6AB30800D210E8 /* MetadataInspectorViewController.m */ = {isa = PBXFileReference; fileEncoding = 4; lastKnownFileType = sourcecode.c.objc; path = MetadataInspectorViewController.m; sourceTree = "<group>"; };
		1BDC343B1D6B64BD00D210E8 /* MetadataHistogramView.h */ = {isa = PBXFileReference; fileEncoding = 4; lastKnownFileType = sourcecode.c.h; path = MetadataHistogramView.h; sourceTree = "<group>"; };
		1BDC343C1D6B64BD00D210E8 /* MetadataHistogramView.m */ = {isa = PBXFileReference; fileEncoding = 4; lastKnownFileType = sourcecode.c.objc; path = MetadataHistogramView.m; sourceTree = "<group>"; };
		1BDC343E1D6CE2B900D210E8 /* MetadataMotionView.h */ = {isa = PBXFileReference; fileEncoding = 4; lastKnownFileType = sourcecode.c.h; path = MetadataMotionView.h; sourceTree = "<group>"; };
		1BDC343F1D6CE2B900D210E8 /* MetadataMotionView.m */ = {isa = PBXFileReference; fileEncoding = 4; lastKnownFileType = sourcecode.c.objc; path = MetadataMotionView.m; sourceTree = "<group>"; };
		1BDC34411D6CE38C00D210E8 /* MetadataLayerBackedView.h */ = {isa = PBXFileReference; fileEncoding = 4; lastKnownFileType = sourcecode.c.h; path = MetadataLayerBackedView.h; sourceTree = "<group>"; };
		1BDC34421D6CE38C00D210E8 /* MetadataLayerBackedView.m */ = {isa = PBXFileReference; fileEncoding = 4; lastKnownFileType = sourcecode.c.objc; path = MetadataLayerBackedView.m; sourceTree = "<group>"; };
		1BDC34441D6F8FFE00D210E8 /* TransparentView.h */ = {isa = PBXFileReference; fileEncoding = 4; lastKnownFileType = sourcecode.c.h; path = TransparentView.h; sourceTree = "<group>"; };
		1BDC34451D6F8FFE00D210E8 /* TransparentView.m */ = {isa = PBXFileReference; fileEncoding = 4; lastKnownFileType = sourcecode.c.objc; path = TransparentView.m; sourceTree = "<group>"; };
		1BDC34471D6F90FC00D210E8 /* TransparentTabView.h */ = {isa = PBXFileReference; fileEncoding = 4; lastKnownFileType = sourcecode.c.h; path = TransparentTabView.h; sourceTree = "<group>"; };
		1BDC34481D6F90FC00D210E8 /* TransparentTabView.m */ = {isa = PBXFileReference; fileEncoding = 4; lastKnownFileType = sourcecode.c.objc; path = TransparentTabView.m; sourceTree = "<group>"; };
/* End PBXFileReference section */

/* Begin PBXFrameworksBuildPhase section */
		1B9873EE1D47A5540015E54C /* Frameworks */ = {
			isa = PBXFrameworksBuildPhase;
			buildActionMask = 2147483647;
			files = (
				1B0B63501D641CC900AA5D0E /* AVFoundation.framework in Frameworks */,
				1B0B634E1D641CC100AA5D0E /* Cocoa.framework in Frameworks */,
				1BBB10FD1D55992200C22439 /* Synopsis.framework in Frameworks */,
				1B0D64391D4FB21F00A1AB5D /* libz.tbd in Frameworks */,
			);
			runOnlyForDeploymentPostprocessing = 0;
		};
/* End PBXFrameworksBuildPhase section */

/* Begin PBXGroup section */
		1B0B63511D641CD100AA5D0E /* Frameworks */ = {
			isa = PBXGroup;
			children = (
				1B0B634F1D641CC900AA5D0E /* AVFoundation.framework */,
				1B0B634D1D641CC100AA5D0E /* Cocoa.framework */,
			);
			name = Frameworks;
			path = ..;
			sourceTree = "<group>";
		};
		1B0D64341D4FB14C00A1AB5D /* GZIP */ = {
			isa = PBXGroup;
			children = (
				1B0D64351D4FB14C00A1AB5D /* GZIP.h */,
				1B0D64361D4FB14C00A1AB5D /* GZIP.m */,
			);
			path = GZIP;
			sourceTree = "<group>";
		};
		1B9873E81D47A5540015E54C = {
			isa = PBXGroup;
			children = (
				1BBB10E81D5558C400C22439 /* Synopsis-Framework.xcodeproj */,
				1B9873F31D47A5540015E54C /* Synopsis Inspector */,
				1B9873F21D47A5540015E54C /* Products */,
			);
			sourceTree = "<group>";
		};
		1B9873F21D47A5540015E54C /* Products */ = {
			isa = PBXGroup;
			children = (
				1B9873F11D47A5540015E54C /* Synopsis Inspector.app */,
			);
			name = Products;
			sourceTree = "<group>";
		};
		1B9873F31D47A5540015E54C /* Synopsis Inspector */ = {
			isa = PBXGroup;
			children = (
				1B9873F41D47A5540015E54C /* AppDelegate.h */,
				1B9873F51D47A5540015E54C /* AppDelegate.m */,
				1B98741C1D4A9AFB0015E54C /* SynopsisMetadataItem.h */,
				1B98741D1D4A9AFB0015E54C /* SynopsisMetadataItem.m */,
				1BD710AF1D620AC8007D61B9 /* AAPLWrappedLayout.h */,
				1BD710B01D620AC8007D61B9 /* AAPLWrappedLayout.m */,
				1B9874141D48014C0015E54C /* SynopsisCollectionViewItem.h */,
				1B9874151D48014C0015E54C /* SynopsisCollectionViewItem.m */,
				1BDC34341D6AB02600D210E8 /* Inspector */,
				1BD710AC1D620070007D61B9 /* SynopsisCollectionViewItemView.h */,
				1BD710AD1D620070007D61B9 /* SynopsisCollectionViewItemView.m */,
				1B9874161D48014C0015E54C /* SynopsisCollectionViewItem.xib */,
				1B9873FA1D47A5540015E54C /* Assets.xcassets */,
				1B9873FC1D47A5540015E54C /* MainMenu.xib */,
				1B9873FF1D47A5540015E54C /* Info.plist */,
				1B0B63511D641CD100AA5D0E /* Frameworks */,
				1B9873F71D47A5540015E54C /* Supporting Files */,
			);
			path = "Synopsis Inspector";
			sourceTree = "<group>";
		};
		1B9873F71D47A5540015E54C /* Supporting Files */ = {
			isa = PBXGroup;
			children = (
				1B0D64381D4FB21F00A1AB5D /* libz.tbd */,
				1B9873F81D47A5540015E54C /* main.m */,
				1B0D64341D4FB14C00A1AB5D /* GZIP */,
				1BBB10D01D527CBE00C22439 /* CGLayerView.h */,
				1BBB10D11D527CBE00C22439 /* CGLayerView.m */,
				1B0D643A1D4FD48E00A1AB5D /* CustomVisualEffectView.h */,
				1B0D643B1D4FD48E00A1AB5D /* CustomVisualEffectView.m */,
				1BDC34441D6F8FFE00D210E8 /* TransparentView.h */,
				1BDC34451D6F8FFE00D210E8 /* TransparentView.m */,
				1BDC34471D6F90FC00D210E8 /* TransparentTabView.h */,
				1BDC34481D6F90FC00D210E8 /* TransparentTabView.m */,
			);
			name = "Supporting Files";
			sourceTree = "<group>";
		};
		1BBB10E91D5558C400C22439 /* Products */ = {
			isa = PBXGroup;
			children = (
				1BBB10ED1D5558C400C22439 /* Synopsis.framework */,
			);
			name = Products;
			sourceTree = "<group>";
		};
		1BDC34341D6AB02600D210E8 /* Inspector */ = {
			isa = PBXGroup;
			children = (
				1BDC34381D6AB30800D210E8 /* MetadataInspectorViewController.h */,
				1BDC34391D6AB30800D210E8 /* MetadataInspectorViewController.m */,
				1BDC34411D6CE38C00D210E8 /* MetadataLayerBackedView.h */,
				1BDC34421D6CE38C00D210E8 /* MetadataLayerBackedView.m */,
				1BDC34311D6AB02100D210E8 /* MetadataDominantColorsView.h */,
				1BDC34321D6AB02100D210E8 /* MetadataDominantColorsView.m */,
				1BDC343B1D6B64BD00D210E8 /* MetadataHistogramView.h */,
				1BDC343C1D6B64BD00D210E8 /* MetadataHistogramView.m */,
				1BDC343E1D6CE2B900D210E8 /* MetadataMotionView.h */,
				1BDC343F1D6CE2B900D210E8 /* MetadataMotionView.m */,
			);
			name = Inspector;
			sourceTree = "<group>";
		};
/* End PBXGroup section */

/* Begin PBXNativeTarget section */
		1B9873F01D47A5540015E54C /* Synopsis Inspector */ = {
			isa = PBXNativeTarget;
			buildConfigurationList = 1B9874021D47A5540015E54C /* Build configuration list for PBXNativeTarget "Synopsis Inspector" */;
			buildPhases = (
				1B9873ED1D47A5540015E54C /* Sources */,
				1B9873EE1D47A5540015E54C /* Frameworks */,
				1B9873EF1D47A5540015E54C /* Resources */,
				1BBB10F81D555DD400C22439 /* CopyFiles */,
			);
			buildRules = (
			);
			dependencies = (
				1BBB10F01D5558E500C22439 /* PBXTargetDependency */,
			);
			name = "Synopsis Inspector";
			productName = Synopslight;
			productReference = 1B9873F11D47A5540015E54C /* Synopsis Inspector.app */;
			productType = "com.apple.product-type.application";
		};
/* End PBXNativeTarget section */

/* Begin PBXProject section */
		1B9873E91D47A5540015E54C /* Project object */ = {
			isa = PBXProject;
			attributes = {
				LastUpgradeCheck = 0730;
				ORGANIZATIONNAME = v002;
				TargetAttributes = {
					1B9873F01D47A5540015E54C = {
						CreatedOnToolsVersion = 7.3.1;
					};
				};
			};
			buildConfigurationList = 1B9873EC1D47A5540015E54C /* Build configuration list for PBXProject "Synopsis Inspector" */;
			compatibilityVersion = "Xcode 3.2";
			developmentRegion = English;
			hasScannedForEncodings = 0;
			knownRegions = (
				en,
				Base,
			);
			mainGroup = 1B9873E81D47A5540015E54C;
			productRefGroup = 1B9873F21D47A5540015E54C /* Products */;
			projectDirPath = "";
			projectReferences = (
				{
					ProductGroup = 1BBB10E91D5558C400C22439 /* Products */;
					ProjectRef = 1BBB10E81D5558C400C22439 /* Synopsis-Framework.xcodeproj */;
				},
			);
			projectRoot = "";
			targets = (
				1B9873F01D47A5540015E54C /* Synopsis Inspector */,
			);
		};
/* End PBXProject section */

/* Begin PBXReferenceProxy section */
		1BBB10ED1D5558C400C22439 /* Synopsis.framework */ = {
			isa = PBXReferenceProxy;
			fileType = wrapper.framework;
			path = Synopsis.framework;
			remoteRef = 1BBB10EC1D5558C400C22439 /* PBXContainerItemProxy */;
			sourceTree = BUILT_PRODUCTS_DIR;
		};
/* End PBXReferenceProxy section */

/* Begin PBXResourcesBuildPhase section */
		1B9873EF1D47A5540015E54C /* Resources */ = {
			isa = PBXResourcesBuildPhase;
			buildActionMask = 2147483647;
			files = (
				1B9873FB1D47A5540015E54C /* Assets.xcassets in Resources */,
				1B9874181D48014C0015E54C /* SynopsisCollectionViewItem.xib in Resources */,
				1B9873FE1D47A5540015E54C /* MainMenu.xib in Resources */,
			);
			runOnlyForDeploymentPostprocessing = 0;
		};
/* End PBXResourcesBuildPhase section */

/* Begin PBXSourcesBuildPhase section */
		1B9873ED1D47A5540015E54C /* Sources */ = {
			isa = PBXSourcesBuildPhase;
			buildActionMask = 2147483647;
			files = (
				1BDC34461D6F8FFE00D210E8 /* TransparentView.m in Sources */,
				1BD710AE1D620070007D61B9 /* SynopsisCollectionViewItemView.m in Sources */,
				1BDC34431D6CE38C00D210E8 /* MetadataLayerBackedView.m in Sources */,
				1BDC34491D6F90FC00D210E8 /* TransparentTabView.m in Sources */,
				1B0D643C1D4FD48E00A1AB5D /* CustomVisualEffectView.m in Sources */,
				1B9873F91D47A5540015E54C /* main.m in Sources */,
				1BDC34331D6AB02100D210E8 /* MetadataDominantColorsView.m in Sources */,
				1BBB10D21D527CBE00C22439 /* CGLayerView.m in Sources */,
				1BDC343A1D6AB30800D210E8 /* MetadataInspectorViewController.m in Sources */,
				1BD710B11D620AC8007D61B9 /* AAPLWrappedLayout.m in Sources */,
				1B0D64371D4FB14C00A1AB5D /* GZIP.m in Sources */,
				1BDC343D1D6B64BD00D210E8 /* MetadataHistogramView.m in Sources */,
				1B9873F61D47A5540015E54C /* AppDelegate.m in Sources */,
				1BDC34401D6CE2B900D210E8 /* MetadataMotionView.m in Sources */,
				1B9874171D48014C0015E54C /* SynopsisCollectionViewItem.m in Sources */,
				1B98741E1D4A9AFB0015E54C /* SynopsisMetadataItem.m in Sources */,
			);
			runOnlyForDeploymentPostprocessing = 0;
		};
/* End PBXSourcesBuildPhase section */

/* Begin PBXTargetDependency section */
		1BBB10F01D5558E500C22439 /* PBXTargetDependency */ = {
			isa = PBXTargetDependency;
			name = Synopsis;
			targetProxy = 1BBB10EF1D5558E500C22439 /* PBXContainerItemProxy */;
		};
/* End PBXTargetDependency section */

/* Begin PBXVariantGroup section */
		1B9873FC1D47A5540015E54C /* MainMenu.xib */ = {
			isa = PBXVariantGroup;
			children = (
				1B9873FD1D47A5540015E54C /* Base */,
			);
			name = MainMenu.xib;
			sourceTree = "<group>";
		};
/* End PBXVariantGroup section */

/* Begin XCBuildConfiguration section */
		1B9874001D47A5540015E54C /* Debug */ = {
			isa = XCBuildConfiguration;
			buildSettings = {
				ALWAYS_SEARCH_USER_PATHS = NO;
				CLANG_ANALYZER_NONNULL = YES;
				CLANG_CXX_LANGUAGE_STANDARD = "gnu++0x";
				CLANG_CXX_LIBRARY = "libc++";
				CLANG_ENABLE_MODULES = YES;
				CLANG_ENABLE_OBJC_ARC = YES;
				CLANG_WARN_BOOL_CONVERSION = YES;
				CLANG_WARN_CONSTANT_CONVERSION = YES;
				CLANG_WARN_DIRECT_OBJC_ISA_USAGE = YES_ERROR;
				CLANG_WARN_EMPTY_BODY = YES;
				CLANG_WARN_ENUM_CONVERSION = YES;
				CLANG_WARN_INT_CONVERSION = YES;
				CLANG_WARN_OBJC_ROOT_CLASS = YES_ERROR;
				CLANG_WARN_UNREACHABLE_CODE = YES;
				CLANG_WARN__DUPLICATE_METHOD_MATCH = YES;
				CODE_SIGN_IDENTITY = "-";
				COPY_PHASE_STRIP = NO;
				DEBUG_INFORMATION_FORMAT = dwarf;
				ENABLE_STRICT_OBJC_MSGSEND = YES;
				ENABLE_TESTABILITY = YES;
				GCC_C_LANGUAGE_STANDARD = gnu99;
				GCC_DYNAMIC_NO_PIC = NO;
				GCC_NO_COMMON_BLOCKS = YES;
				GCC_OPTIMIZATION_LEVEL = 0;
				GCC_PREPROCESSOR_DEFINITIONS = (
					"DEBUG=1",
					"$(inherited)",
				);
				GCC_WARN_64_TO_32_BIT_CONVERSION = YES;
				GCC_WARN_ABOUT_RETURN_TYPE = YES_ERROR;
				GCC_WARN_UNDECLARED_SELECTOR = YES;
				GCC_WARN_UNINITIALIZED_AUTOS = YES_AGGRESSIVE;
				GCC_WARN_UNUSED_FUNCTION = YES;
				GCC_WARN_UNUSED_VARIABLE = YES;
				MACOSX_DEPLOYMENT_TARGET = 10.11;
				MTL_ENABLE_DEBUG_INFO = YES;
				ONLY_ACTIVE_ARCH = YES;
				SDKROOT = macosx;
			};
			name = Debug;
		};
		1B9874011D47A5540015E54C /* Release */ = {
			isa = XCBuildConfiguration;
			buildSettings = {
				ALWAYS_SEARCH_USER_PATHS = NO;
				CLANG_ANALYZER_NONNULL = YES;
				CLANG_CXX_LANGUAGE_STANDARD = "gnu++0x";
				CLANG_CXX_LIBRARY = "libc++";
				CLANG_ENABLE_MODULES = YES;
				CLANG_ENABLE_OBJC_ARC = YES;
				CLANG_WARN_BOOL_CONVERSION = YES;
				CLANG_WARN_CONSTANT_CONVERSION = YES;
				CLANG_WARN_DIRECT_OBJC_ISA_USAGE = YES_ERROR;
				CLANG_WARN_EMPTY_BODY = YES;
				CLANG_WARN_ENUM_CONVERSION = YES;
				CLANG_WARN_INT_CONVERSION = YES;
				CLANG_WARN_OBJC_ROOT_CLASS = YES_ERROR;
				CLANG_WARN_UNREACHABLE_CODE = YES;
				CLANG_WARN__DUPLICATE_METHOD_MATCH = YES;
				CODE_SIGN_IDENTITY = "-";
				COPY_PHASE_STRIP = NO;
				DEBUG_INFORMATION_FORMAT = "dwarf-with-dsym";
				ENABLE_NS_ASSERTIONS = NO;
				ENABLE_STRICT_OBJC_MSGSEND = YES;
				GCC_C_LANGUAGE_STANDARD = gnu99;
				GCC_NO_COMMON_BLOCKS = YES;
				GCC_WARN_64_TO_32_BIT_CONVERSION = YES;
				GCC_WARN_ABOUT_RETURN_TYPE = YES_ERROR;
				GCC_WARN_UNDECLARED_SELECTOR = YES;
				GCC_WARN_UNINITIALIZED_AUTOS = YES_AGGRESSIVE;
				GCC_WARN_UNUSED_FUNCTION = YES;
				GCC_WARN_UNUSED_VARIABLE = YES;
				MACOSX_DEPLOYMENT_TARGET = 10.11;
				MTL_ENABLE_DEBUG_INFO = NO;
				SDKROOT = macosx;
			};
			name = Release;
		};
		1B9874031D47A5540015E54C /* Debug */ = {
			isa = XCBuildConfiguration;
			buildSettings = {
				ASSETCATALOG_COMPILER_APPICON_NAME = AppIcon;
				COMBINE_HIDPI_IMAGES = YES;
				INFOPLIST_FILE = "$(SRCROOT)/Synopsis Inspector/Info.plist";
				LD_RUNPATH_SEARCH_PATHS = "$(inherited) @executable_path/../Frameworks";
				PRODUCT_BUNDLE_IDENTIFIER = "info.v002.Synopsis-Inspector";
				PRODUCT_NAME = "Synopsis Inspector";
			};
			name = Debug;
		};
		1B9874041D47A5540015E54C /* Release */ = {
			isa = XCBuildConfiguration;
			buildSettings = {
				ASSETCATALOG_COMPILER_APPICON_NAME = AppIcon;
				COMBINE_HIDPI_IMAGES = YES;
				INFOPLIST_FILE = "$(SRCROOT)/Synopsis Inspector/Info.plist";
				LD_RUNPATH_SEARCH_PATHS = "$(inherited) @executable_path/../Frameworks";
				PRODUCT_BUNDLE_IDENTIFIER = "info.v002.Synopsis-Inspector";
				PRODUCT_NAME = "Synopsis Inspector";
			};
			name = Release;
		};
/* End XCBuildConfiguration section */

/* Begin XCConfigurationList section */
		1B9873EC1D47A5540015E54C /* Build configuration list for PBXProject "Synopsis Inspector" */ = {
			isa = XCConfigurationList;
			buildConfigurations = (
				1B9874001D47A5540015E54C /* Debug */,
				1B9874011D47A5540015E54C /* Release */,
			);
			defaultConfigurationIsVisible = 0;
			defaultConfigurationName = Release;
		};
		1B9874021D47A5540015E54C /* Build configuration list for PBXNativeTarget "Synopsis Inspector" */ = {
			isa = XCConfigurationList;
			buildConfigurations = (
				1B9874031D47A5540015E54C /* Debug */,
				1B9874041D47A5540015E54C /* Release */,
			);
			defaultConfigurationIsVisible = 0;
			defaultConfigurationName = Release;
		};
/* End XCConfigurationList section */
	};
	rootObject = 1B9873E91D47A5540015E54C /* Project object */;
}
