// !$*UTF8*$!
{
	archiveVersion = 1;
	classes = {
	};
	objectVersion = 46;
	objects = {

/* Begin PBXBuildFile section */
		1A1E31C0237DF95D009DE35C /* HapInAVFoundation.framework in Frameworks */ = {isa = PBXBuildFile; fileRef = 1A1E31B9237DF94C009DE35C /* HapInAVFoundation.framework */; };
		1A1E31C1237DF965009DE35C /* HapInAVFoundation.framework in CopyFiles */ = {isa = PBXBuildFile; fileRef = 1A1E31B9237DF94C009DE35C /* HapInAVFoundation.framework */; settings = {ATTRIBUTES = (CodeSignOnCopy, RemoveHeadersOnCopy, ); }; };
		1A348CB1238D5E5E0049878A /* SynopsisCacheWithHap.m in Sources */ = {isa = PBXBuildFile; fileRef = 1A348CB0238D5E5E0049878A /* SynopsisCacheWithHap.m */; };
		1ACF9367238EB78E00D5CC05 /* DataController.m in Sources */ = {isa = PBXBuildFile; fileRef = 1ACF9366238EB78E00D5CC05 /* DataController.m */; };
		1AF4D31B238F11F50047A22C /* FileController.m in Sources */ = {isa = PBXBuildFile; fileRef = 1AF4D31A238F11F50047A22C /* FileController.m */; };
		1AFB9634238DA67100ECAC06 /* FlippedClipView.m in Sources */ = {isa = PBXBuildFile; fileRef = 1AFB9633238DA67100ECAC06 /* FlippedClipView.m */; };
		1B0B634E1D641CC100AA5D0E /* Cocoa.framework in Frameworks */ = {isa = PBXBuildFile; fileRef = 1B0B634D1D641CC100AA5D0E /* Cocoa.framework */; };
		1B0B63501D641CC900AA5D0E /* AVFoundation.framework in Frameworks */ = {isa = PBXBuildFile; fileRef = 1B0B634F1D641CC900AA5D0E /* AVFoundation.framework */; };
		1B0D64391D4FB21F00A1AB5D /* libz.tbd in Frameworks */ = {isa = PBXBuildFile; fileRef = 1B0D64381D4FB21F00A1AB5D /* libz.tbd */; };
		1B0D643C1D4FD48E00A1AB5D /* CustomVisualEffectView.m in Sources */ = {isa = PBXBuildFile; fileRef = 1B0D643B1D4FD48E00A1AB5D /* CustomVisualEffectView.m */; };
		1B2780751F213A2200658C0B /* Synopsis.framework in Frameworks */ = {isa = PBXBuildFile; fileRef = 1BBB10ED1D5558C400C22439 /* Synopsis.framework */; };
		1B2780791F213A5A00658C0B /* Synopsis.framework in CopyFiles */ = {isa = PBXBuildFile; fileRef = 1BFB133C1F21378C002C4651 /* Synopsis.framework */; settings = {ATTRIBUTES = (CodeSignOnCopy, RemoveHeadersOnCopy, ); }; };
		1B27810F1F263EDE00658C0B /* OpenGL.framework in Frameworks */ = {isa = PBXBuildFile; fileRef = 1B27810E1F263EDE00658C0B /* OpenGL.framework */; };
		1B522FA41F26995000550454 /* Accelerate.framework in Frameworks */ = {isa = PBXBuildFile; fileRef = 1B522FA31F26995000550454 /* Accelerate.framework */; };
		1B5CDF5D1F438FD100D5D057 /* MediaToolbox.framework in Frameworks */ = {isa = PBXBuildFile; fileRef = 1B5CDF5C1F438FD100D5D057 /* MediaToolbox.framework */; };
		1B5CDF631F438FD700D5D057 /* VideoToolbox.framework in Frameworks */ = {isa = PBXBuildFile; fileRef = 1B5CDF621F438FD700D5D057 /* VideoToolbox.framework */; };
		1B5FE0331DF9F38E009CF677 /* sptree.cpp in Sources */ = {isa = PBXBuildFile; fileRef = 1B5FE02D1DF9F38E009CF677 /* sptree.cpp */; };
		1B5FE0341DF9F38E009CF677 /* tsne.cpp in Sources */ = {isa = PBXBuildFile; fileRef = 1B5FE02F1DF9F38E009CF677 /* tsne.cpp */; };
		1B5FE0351DFA1044009CF677 /* TSNELayout.mm in Sources */ = {isa = PBXBuildFile; fileRef = 1B5FE0281DF9F1F9009CF677 /* TSNELayout.mm */; };
		1B7155C61EFC97EE00266150 /* MetadataFeatureVectorView.m in Sources */ = {isa = PBXBuildFile; fileRef = 1B7155C51EFC97EE00266150 /* MetadataFeatureVectorView.m */; };
		1B96FE7E1E08AD2000DE4BD3 /* Quartz.framework in Frameworks */ = {isa = PBXBuildFile; fileRef = 1B96FE7D1E08AD2000DE4BD3 /* Quartz.framework */; };
		1B96FE801E08AD2A00DE4BD3 /* CoreMedia.framework in Frameworks */ = {isa = PBXBuildFile; fileRef = 1B96FE7F1E08AD2A00DE4BD3 /* CoreMedia.framework */; };
		1B972857217948C400C78FBF /* PlayerView.m in Sources */ = {isa = PBXBuildFile; fileRef = 1B972856217948C400C78FBF /* PlayerView.m */; };
		1B9873F61D47A5540015E54C /* AppDelegate.m in Sources */ = {isa = PBXBuildFile; fileRef = 1B9873F51D47A5540015E54C /* AppDelegate.m */; };
		1B9873F91D47A5540015E54C /* main.m in Sources */ = {isa = PBXBuildFile; fileRef = 1B9873F81D47A5540015E54C /* main.m */; };
		1B9873FB1D47A5540015E54C /* Assets.xcassets in Resources */ = {isa = PBXBuildFile; fileRef = 1B9873FA1D47A5540015E54C /* Assets.xcassets */; };
		1B9873FE1D47A5540015E54C /* MainMenu.xib in Resources */ = {isa = PBXBuildFile; fileRef = 1B9873FC1D47A5540015E54C /* MainMenu.xib */; };
		1B9874171D48014C0015E54C /* SynopsisCollectionViewItem.mm in Sources */ = {isa = PBXBuildFile; fileRef = 1B9874151D48014C0015E54C /* SynopsisCollectionViewItem.mm */; };
		1B9874181D48014C0015E54C /* SynopsisCollectionViewItem.xib in Resources */ = {isa = PBXBuildFile; fileRef = 1B9874161D48014C0015E54C /* SynopsisCollectionViewItem.xib */; };
		1BAA80701D7243F300464810 /* TransparentCollectionView.m in Sources */ = {isa = PBXBuildFile; fileRef = 1BAA806F1D7243F300464810 /* TransparentCollectionView.m */; };
		1BC71D421F1504CB006DD7DC /* Credits.rtf in Resources */ = {isa = PBXBuildFile; fileRef = 1BC71D411F1504CB006DD7DC /* Credits.rtf */; };
		1BCFBEC31E1C41580008CB03 /* MetadataSingleValueHistoryView.m in Sources */ = {isa = PBXBuildFile; fileRef = 1BCFBEC21E1C41580008CB03 /* MetadataSingleValueHistoryView.m */; };
		1BD710AE1D620070007D61B9 /* SynopsisCollectionViewItemView.m in Sources */ = {isa = PBXBuildFile; fileRef = 1BD710AD1D620070007D61B9 /* SynopsisCollectionViewItemView.m */; };
		1BD710B11D620AC8007D61B9 /* AAPLWrappedLayout.m in Sources */ = {isa = PBXBuildFile; fileRef = 1BD710B01D620AC8007D61B9 /* AAPLWrappedLayout.m */; };
		1BDC34331D6AB02100D210E8 /* MetadataDominantColorsView.m in Sources */ = {isa = PBXBuildFile; fileRef = 1BDC34321D6AB02100D210E8 /* MetadataDominantColorsView.m */; };
		1BDC343A1D6AB30800D210E8 /* MetadataInspectorViewController.m in Sources */ = {isa = PBXBuildFile; fileRef = 1BDC34391D6AB30800D210E8 /* MetadataInspectorViewController.m */; };
		1BDC343D1D6B64BD00D210E8 /* MetadataHistogramView.m in Sources */ = {isa = PBXBuildFile; fileRef = 1BDC343C1D6B64BD00D210E8 /* MetadataHistogramView.m */; };
		1BDC34401D6CE2B900D210E8 /* MetadataMotionView.m in Sources */ = {isa = PBXBuildFile; fileRef = 1BDC343F1D6CE2B900D210E8 /* MetadataMotionView.m */; };
		1BDC34431D6CE38C00D210E8 /* MetadataLayerBackedView.m in Sources */ = {isa = PBXBuildFile; fileRef = 1BDC34421D6CE38C00D210E8 /* MetadataLayerBackedView.m */; };
		1BDC34461D6F8FFE00D210E8 /* TransparentView.m in Sources */ = {isa = PBXBuildFile; fileRef = 1BDC34451D6F8FFE00D210E8 /* TransparentView.m */; };
		1BDC34491D6F90FC00D210E8 /* TransparentTabView.m in Sources */ = {isa = PBXBuildFile; fileRef = 1BDC34481D6F90FC00D210E8 /* TransparentTabView.m */; };
/* End PBXBuildFile section */

/* Begin PBXContainerItemProxy section */
		1A1E31B8237DF94C009DE35C /* PBXContainerItemProxy */ = {
			isa = PBXContainerItemProxy;
			containerPortal = 1A1E31B0237DF94C009DE35C /* HapInAVFoundation.xcodeproj */;
			proxyType = 2;
			remoteGlobalIDString = 1A97F5AB1A38ABBF00E0DC74;
			remoteInfo = HapInAVFoundation;
		};
		1A1E31BA237DF94C009DE35C /* PBXContainerItemProxy */ = {
			isa = PBXContainerItemProxy;
			containerPortal = 1A1E31B0237DF94C009DE35C /* HapInAVFoundation.xcodeproj */;
			proxyType = 2;
			remoteGlobalIDString = 1A3230141A3BA14000DDB2E0;
			remoteInfo = "HapInAVF Test App";
		};
		1A1E31BC237DF94C009DE35C /* PBXContainerItemProxy */ = {
			isa = PBXContainerItemProxy;
			containerPortal = 1A1E31B0237DF94C009DE35C /* HapInAVFoundation.xcodeproj */;
			proxyType = 2;
			remoteGlobalIDString = 1A3BABFD1A65239C0065403A;
			remoteInfo = "AVF Batch Converter";
		};
		1A1E31BE237DF953009DE35C /* PBXContainerItemProxy */ = {
			isa = PBXContainerItemProxy;
			containerPortal = 1A1E31B0237DF94C009DE35C /* HapInAVFoundation.xcodeproj */;
			proxyType = 1;
			remoteGlobalIDString = 1A97F5AA1A38ABBF00E0DC74;
			remoteInfo = HapInAVFoundation;
		};
		1AA37A06238C8C610090520B /* PBXContainerItemProxy */ = {
			isa = PBXContainerItemProxy;
			containerPortal = 1A1E31B0237DF94C009DE35C /* HapInAVFoundation.xcodeproj */;
			proxyType = 2;
			remoteGlobalIDString = 1A4D2CCE207E47CD003FE56B;
			remoteInfo = "HapInAVFoundation-static";
		};
		1AA37A08238C8C610090520B /* PBXContainerItemProxy */ = {
			isa = PBXContainerItemProxy;
			containerPortal = 1A1E31B0237DF94C009DE35C /* HapInAVFoundation.xcodeproj */;
			proxyType = 2;
			remoteGlobalIDString = 1AABDE8A207E544000D8F504;
			remoteInfo = AVFtoHap;
		};
		1B7155C81EFC97F000266150 /* PBXContainerItemProxy */ = {
			isa = PBXContainerItemProxy;
			containerPortal = 1BBB10E81D5558C400C22439 /* Synopsis-Framework.xcodeproj */;
			proxyType = 2;
			remoteGlobalIDString = 1B4446B81EE1FE4A0075575D;
			remoteInfo = "Synopsis-iOS";
		};
		1BBB10EC1D5558C400C22439 /* PBXContainerItemProxy */ = {
			isa = PBXContainerItemProxy;
			containerPortal = 1BBB10E81D5558C400C22439 /* Synopsis-Framework.xcodeproj */;
			proxyType = 2;
			remoteGlobalIDString = 1BBB10DD1D5542A200C22439;
			remoteInfo = Synopsis;
		};
		1BFB133B1F21378C002C4651 /* PBXContainerItemProxy */ = {
			isa = PBXContainerItemProxy;
			containerPortal = 1BBB10E81D5558C400C22439 /* Synopsis-Framework.xcodeproj */;
			proxyType = 2;
			remoteGlobalIDString = 1BFB13381F2135BF002C4651;
			remoteInfo = "Synopsis-Decoder-macOS";
		};
		1BFB133D1F213790002C4651 /* PBXContainerItemProxy */ = {
			isa = PBXContainerItemProxy;
			containerPortal = 1BBB10E81D5558C400C22439 /* Synopsis-Framework.xcodeproj */;
			proxyType = 1;
			remoteGlobalIDString = 1BFB12C21F2135BF002C4651;
			remoteInfo = "Synopsis-Decoder-macOS";
		};
/* End PBXContainerItemProxy section */

/* Begin PBXCopyFilesBuildPhase section */
		1BBB10F81D555DD400C22439 /* CopyFiles */ = {
			isa = PBXCopyFilesBuildPhase;
			buildActionMask = 2147483647;
			dstPath = "";
			dstSubfolderSpec = 10;
			files = (
				1A1E31C1237DF965009DE35C /* HapInAVFoundation.framework in CopyFiles */,
				1B2780791F213A5A00658C0B /* Synopsis.framework in CopyFiles */,
			);
			runOnlyForDeploymentPostprocessing = 0;
		};
/* End PBXCopyFilesBuildPhase section */

/* Begin PBXFileReference section */
		1A1E31B0237DF94C009DE35C /* HapInAVFoundation.xcodeproj */ = {isa = PBXFileReference; lastKnownFileType = "wrapper.pb-project"; name = HapInAVFoundation.xcodeproj; path = "hap-in-avfoundation/HapInAVFoundation.xcodeproj"; sourceTree = "<group>"; };
		1A348CAF238D5E5E0049878A /* SynopsisCacheWithHap.h */ = {isa = PBXFileReference; lastKnownFileType = sourcecode.c.h; path = SynopsisCacheWithHap.h; sourceTree = "<group>"; };
		1A348CB0238D5E5E0049878A /* SynopsisCacheWithHap.m */ = {isa = PBXFileReference; lastKnownFileType = sourcecode.c.objc; path = SynopsisCacheWithHap.m; sourceTree = "<group>"; };
		1AA37A01238C8C600090520B /* AppKit.framework */ = {isa = PBXFileReference; lastKnownFileType = wrapper.framework; name = AppKit.framework; path = System/Library/Frameworks/AppKit.framework; sourceTree = SDKROOT; };
		1ACF9365238EB78E00D5CC05 /* DataController.h */ = {isa = PBXFileReference; lastKnownFileType = sourcecode.c.h; path = DataController.h; sourceTree = "<group>"; };
		1ACF9366238EB78E00D5CC05 /* DataController.m */ = {isa = PBXFileReference; lastKnownFileType = sourcecode.c.objc; path = DataController.m; sourceTree = "<group>"; };
		1AF4D319238F11F50047A22C /* FileController.h */ = {isa = PBXFileReference; lastKnownFileType = sourcecode.c.h; path = FileController.h; sourceTree = "<group>"; };
		1AF4D31A238F11F50047A22C /* FileController.m */ = {isa = PBXFileReference; lastKnownFileType = sourcecode.c.objc; path = FileController.m; sourceTree = "<group>"; };
		1AFB962C238DA67000ECAC06 /* FlippedClipView.h */ = {isa = PBXFileReference; fileEncoding = 4; lastKnownFileType = sourcecode.c.h; path = FlippedClipView.h; sourceTree = "<group>"; };
		1AFB9633238DA67100ECAC06 /* FlippedClipView.m */ = {isa = PBXFileReference; fileEncoding = 4; lastKnownFileType = sourcecode.c.objc; path = FlippedClipView.m; sourceTree = "<group>"; };
		1B0B634D1D641CC100AA5D0E /* Cocoa.framework */ = {isa = PBXFileReference; lastKnownFileType = wrapper.framework; name = Cocoa.framework; path = System/Library/Frameworks/Cocoa.framework; sourceTree = SDKROOT; };
		1B0B634F1D641CC900AA5D0E /* AVFoundation.framework */ = {isa = PBXFileReference; lastKnownFileType = wrapper.framework; name = AVFoundation.framework; path = System/Library/Frameworks/AVFoundation.framework; sourceTree = SDKROOT; };
		1B0D64381D4FB21F00A1AB5D /* libz.tbd */ = {isa = PBXFileReference; lastKnownFileType = "sourcecode.text-based-dylib-definition"; name = libz.tbd; path = usr/lib/libz.tbd; sourceTree = SDKROOT; };
		1B0D643A1D4FD48E00A1AB5D /* CustomVisualEffectView.h */ = {isa = PBXFileReference; fileEncoding = 4; lastKnownFileType = sourcecode.c.h; path = CustomVisualEffectView.h; sourceTree = "<group>"; };
		1B0D643B1D4FD48E00A1AB5D /* CustomVisualEffectView.m */ = {isa = PBXFileReference; fileEncoding = 4; lastKnownFileType = sourcecode.c.objc; path = CustomVisualEffectView.m; sourceTree = "<group>"; };
		1B2781061F253CEC00658C0B /* SynopsisMediaCache.h */ = {isa = PBXFileReference; fileEncoding = 4; lastKnownFileType = sourcecode.c.h; path = SynopsisMediaCache.h; sourceTree = "<group>"; };
		1B2781071F253CEC00658C0B /* SynopsisMediaCache.m */ = {isa = PBXFileReference; fileEncoding = 4; lastKnownFileType = sourcecode.c.objc; path = SynopsisMediaCache.m; sourceTree = "<group>"; };
		1B27810E1F263EDE00658C0B /* OpenGL.framework */ = {isa = PBXFileReference; lastKnownFileType = wrapper.framework; name = OpenGL.framework; path = System/Library/Frameworks/OpenGL.framework; sourceTree = SDKROOT; };
		1B522FA31F26995000550454 /* Accelerate.framework */ = {isa = PBXFileReference; lastKnownFileType = wrapper.framework; name = Accelerate.framework; path = System/Library/Frameworks/Accelerate.framework; sourceTree = SDKROOT; };
		1B5CDF5C1F438FD100D5D057 /* MediaToolbox.framework */ = {isa = PBXFileReference; lastKnownFileType = wrapper.framework; name = MediaToolbox.framework; path = Platforms/MacOSX.platform/Developer/SDKs/MacOSX10.11.sdk/System/Library/Frameworks/MediaToolbox.framework; sourceTree = DEVELOPER_DIR; };
		1B5CDF621F438FD700D5D057 /* VideoToolbox.framework */ = {isa = PBXFileReference; lastKnownFileType = wrapper.framework; name = VideoToolbox.framework; path = Platforms/MacOSX.platform/Developer/SDKs/MacOSX10.11.sdk/System/Library/Frameworks/VideoToolbox.framework; sourceTree = DEVELOPER_DIR; };
		1B5FE0271DF9F1F9009CF677 /* TSNELayout.h */ = {isa = PBXFileReference; fileEncoding = 4; lastKnownFileType = sourcecode.c.h; path = TSNELayout.h; sourceTree = "<group>"; };
		1B5FE0281DF9F1F9009CF677 /* TSNELayout.mm */ = {isa = PBXFileReference; fileEncoding = 4; lastKnownFileType = sourcecode.cpp.objcpp; path = TSNELayout.mm; sourceTree = "<group>"; };
		1B5FE02C1DF9F38E009CF677 /* LICENSE.txt */ = {isa = PBXFileReference; fileEncoding = 4; lastKnownFileType = text; path = LICENSE.txt; sourceTree = "<group>"; };
		1B5FE02D1DF9F38E009CF677 /* sptree.cpp */ = {isa = PBXFileReference; fileEncoding = 4; lastKnownFileType = sourcecode.cpp.cpp; path = sptree.cpp; sourceTree = "<group>"; };
		1B5FE02E1DF9F38E009CF677 /* sptree.h */ = {isa = PBXFileReference; fileEncoding = 4; lastKnownFileType = sourcecode.c.h; path = sptree.h; sourceTree = "<group>"; };
		1B5FE02F1DF9F38E009CF677 /* tsne.cpp */ = {isa = PBXFileReference; fileEncoding = 4; lastKnownFileType = sourcecode.cpp.cpp; path = tsne.cpp; sourceTree = "<group>"; };
		1B5FE0301DF9F38E009CF677 /* tsne.h */ = {isa = PBXFileReference; fileEncoding = 4; lastKnownFileType = sourcecode.c.h; path = tsne.h; sourceTree = "<group>"; };
		1B5FE0311DF9F38E009CF677 /* vptree.h */ = {isa = PBXFileReference; fileEncoding = 4; lastKnownFileType = sourcecode.c.h; path = vptree.h; sourceTree = "<group>"; };
		1B7155C41EFC97EE00266150 /* MetadataFeatureVectorView.h */ = {isa = PBXFileReference; fileEncoding = 4; lastKnownFileType = sourcecode.c.h; path = MetadataFeatureVectorView.h; sourceTree = "<group>"; };
		1B7155C51EFC97EE00266150 /* MetadataFeatureVectorView.m */ = {isa = PBXFileReference; fileEncoding = 4; lastKnownFileType = sourcecode.c.objc; path = MetadataFeatureVectorView.m; sourceTree = "<group>"; };
		1B96FE7D1E08AD2000DE4BD3 /* Quartz.framework */ = {isa = PBXFileReference; lastKnownFileType = wrapper.framework; name = Quartz.framework; path = System/Library/Frameworks/Quartz.framework; sourceTree = SDKROOT; };
		1B96FE7F1E08AD2A00DE4BD3 /* CoreMedia.framework */ = {isa = PBXFileReference; lastKnownFileType = wrapper.framework; name = CoreMedia.framework; path = System/Library/Frameworks/CoreMedia.framework; sourceTree = SDKROOT; };
		1B972855217948C400C78FBF /* PlayerView.h */ = {isa = PBXFileReference; lastKnownFileType = sourcecode.c.h; path = PlayerView.h; sourceTree = "<group>"; };
		1B972856217948C400C78FBF /* PlayerView.m */ = {isa = PBXFileReference; lastKnownFileType = sourcecode.c.objc; path = PlayerView.m; sourceTree = "<group>"; };
		1B9873F11D47A5540015E54C /* Synopsis Inspector.app */ = {isa = PBXFileReference; explicitFileType = wrapper.application; includeInIndex = 0; path = "Synopsis Inspector.app"; sourceTree = BUILT_PRODUCTS_DIR; };
		1B9873F41D47A5540015E54C /* AppDelegate.h */ = {isa = PBXFileReference; lastKnownFileType = sourcecode.c.h; path = AppDelegate.h; sourceTree = "<group>"; };
		1B9873F51D47A5540015E54C /* AppDelegate.m */ = {isa = PBXFileReference; lastKnownFileType = sourcecode.c.objc; path = AppDelegate.m; sourceTree = "<group>"; };
		1B9873F81D47A5540015E54C /* main.m */ = {isa = PBXFileReference; lastKnownFileType = sourcecode.c.objc; path = main.m; sourceTree = "<group>"; };
		1B9873FA1D47A5540015E54C /* Assets.xcassets */ = {isa = PBXFileReference; lastKnownFileType = folder.assetcatalog; path = Assets.xcassets; sourceTree = "<group>"; };
		1B9873FD1D47A5540015E54C /* Base */ = {isa = PBXFileReference; lastKnownFileType = file.xib; name = Base; path = Base.lproj/MainMenu.xib; sourceTree = "<group>"; };
		1B9873FF1D47A5540015E54C /* Info.plist */ = {isa = PBXFileReference; lastKnownFileType = text.plist.xml; path = Info.plist; sourceTree = "<group>"; };
		1B9874141D48014C0015E54C /* SynopsisCollectionViewItem.h */ = {isa = PBXFileReference; fileEncoding = 4; lastKnownFileType = sourcecode.c.h; path = SynopsisCollectionViewItem.h; sourceTree = "<group>"; };
		1B9874151D48014C0015E54C /* SynopsisCollectionViewItem.mm */ = {isa = PBXFileReference; fileEncoding = 4; lastKnownFileType = sourcecode.cpp.objcpp; path = SynopsisCollectionViewItem.mm; sourceTree = "<group>"; };
		1B9874161D48014C0015E54C /* SynopsisCollectionViewItem.xib */ = {isa = PBXFileReference; fileEncoding = 4; lastKnownFileType = file.xib; path = SynopsisCollectionViewItem.xib; sourceTree = "<group>"; };
		1BAA806E1D7243F300464810 /* TransparentCollectionView.h */ = {isa = PBXFileReference; fileEncoding = 4; lastKnownFileType = sourcecode.c.h; path = TransparentCollectionView.h; sourceTree = "<group>"; };
		1BAA806F1D7243F300464810 /* TransparentCollectionView.m */ = {isa = PBXFileReference; fileEncoding = 4; lastKnownFileType = sourcecode.c.objc; path = TransparentCollectionView.m; sourceTree = "<group>"; };
		1BBB10E81D5558C400C22439 /* Synopsis-Framework.xcodeproj */ = {isa = PBXFileReference; lastKnownFileType = "wrapper.pb-project"; name = "Synopsis-Framework.xcodeproj"; path = "Synopsis-Framework/Synopsis/Synopsis-Framework.xcodeproj"; sourceTree = "<group>"; };
		1BC71D411F1504CB006DD7DC /* Credits.rtf */ = {isa = PBXFileReference; fileEncoding = 4; lastKnownFileType = text.rtf; path = Credits.rtf; sourceTree = "<group>"; };
		1BCFBC181E0B25740008CB03 /* DBScanLayout.h */ = {isa = PBXFileReference; fileEncoding = 4; lastKnownFileType = sourcecode.c.h; path = DBScanLayout.h; sourceTree = "<group>"; };
		1BCFBC191E0B25740008CB03 /* DBScanLayout.mm */ = {isa = PBXFileReference; fileEncoding = 4; lastKnownFileType = sourcecode.cpp.objcpp; path = DBScanLayout.mm; sourceTree = "<group>"; };
		1BCFBEC11E1C41580008CB03 /* MetadataSingleValueHistoryView.h */ = {isa = PBXFileReference; fileEncoding = 4; lastKnownFileType = sourcecode.c.h; path = MetadataSingleValueHistoryView.h; sourceTree = "<group>"; };
		1BCFBEC21E1C41580008CB03 /* MetadataSingleValueHistoryView.m */ = {isa = PBXFileReference; fileEncoding = 4; lastKnownFileType = sourcecode.c.objc; path = MetadataSingleValueHistoryView.m; sourceTree = "<group>"; };
		1BD710AC1D620070007D61B9 /* SynopsisCollectionViewItemView.h */ = {isa = PBXFileReference; fileEncoding = 4; lastKnownFileType = sourcecode.c.h; path = SynopsisCollectionViewItemView.h; sourceTree = "<group>"; };
		1BD710AD1D620070007D61B9 /* SynopsisCollectionViewItemView.m */ = {isa = PBXFileReference; fileEncoding = 4; lastKnownFileType = sourcecode.c.objc; path = SynopsisCollectionViewItemView.m; sourceTree = "<group>"; };
		1BD710AF1D620AC8007D61B9 /* AAPLWrappedLayout.h */ = {isa = PBXFileReference; fileEncoding = 4; lastKnownFileType = sourcecode.c.h; path = AAPLWrappedLayout.h; sourceTree = "<group>"; };
		1BD710B01D620AC8007D61B9 /* AAPLWrappedLayout.m */ = {isa = PBXFileReference; fileEncoding = 4; lastKnownFileType = sourcecode.c.objc; path = AAPLWrappedLayout.m; sourceTree = "<group>"; };
		1BDC34311D6AB02100D210E8 /* MetadataDominantColorsView.h */ = {isa = PBXFileReference; fileEncoding = 4; lastKnownFileType = sourcecode.c.h; path = MetadataDominantColorsView.h; sourceTree = "<group>"; };
		1BDC34321D6AB02100D210E8 /* MetadataDominantColorsView.m */ = {isa = PBXFileReference; fileEncoding = 4; lastKnownFileType = sourcecode.c.objc; path = MetadataDominantColorsView.m; sourceTree = "<group>"; };
		1BDC34381D6AB30800D210E8 /* MetadataInspectorViewController.h */ = {isa = PBXFileReference; fileEncoding = 4; lastKnownFileType = sourcecode.c.h; path = MetadataInspectorViewController.h; sourceTree = "<group>"; };
		1BDC34391D6AB30800D210E8 /* MetadataInspectorViewController.m */ = {isa = PBXFileReference; fileEncoding = 4; lastKnownFileType = sourcecode.c.objc; path = MetadataInspectorViewController.m; sourceTree = "<group>"; };
		1BDC343B1D6B64BD00D210E8 /* MetadataHistogramView.h */ = {isa = PBXFileReference; fileEncoding = 4; lastKnownFileType = sourcecode.c.h; path = MetadataHistogramView.h; sourceTree = "<group>"; };
		1BDC343C1D6B64BD00D210E8 /* MetadataHistogramView.m */ = {isa = PBXFileReference; fileEncoding = 4; lastKnownFileType = sourcecode.c.objc; path = MetadataHistogramView.m; sourceTree = "<group>"; };
		1BDC343E1D6CE2B900D210E8 /* MetadataMotionView.h */ = {isa = PBXFileReference; fileEncoding = 4; lastKnownFileType = sourcecode.c.h; path = MetadataMotionView.h; sourceTree = "<group>"; };
		1BDC343F1D6CE2B900D210E8 /* MetadataMotionView.m */ = {isa = PBXFileReference; fileEncoding = 4; lastKnownFileType = sourcecode.c.objc; path = MetadataMotionView.m; sourceTree = "<group>"; };
		1BDC34411D6CE38C00D210E8 /* MetadataLayerBackedView.h */ = {isa = PBXFileReference; fileEncoding = 4; lastKnownFileType = sourcecode.c.h; path = MetadataLayerBackedView.h; sourceTree = "<group>"; };
		1BDC34421D6CE38C00D210E8 /* MetadataLayerBackedView.m */ = {isa = PBXFileReference; fileEncoding = 4; lastKnownFileType = sourcecode.c.objc; path = MetadataLayerBackedView.m; sourceTree = "<group>"; };
		1BDC34441D6F8FFE00D210E8 /* TransparentView.h */ = {isa = PBXFileReference; fileEncoding = 4; lastKnownFileType = sourcecode.c.h; path = TransparentView.h; sourceTree = "<group>"; };
		1BDC34451D6F8FFE00D210E8 /* TransparentView.m */ = {isa = PBXFileReference; fileEncoding = 4; lastKnownFileType = sourcecode.c.objc; path = TransparentView.m; sourceTree = "<group>"; };
		1BDC34471D6F90FC00D210E8 /* TransparentTabView.h */ = {isa = PBXFileReference; fileEncoding = 4; lastKnownFileType = sourcecode.c.h; path = TransparentTabView.h; sourceTree = "<group>"; };
		1BDC34481D6F90FC00D210E8 /* TransparentTabView.m */ = {isa = PBXFileReference; fileEncoding = 4; lastKnownFileType = sourcecode.c.objc; path = TransparentTabView.m; sourceTree = "<group>"; };
/* End PBXFileReference section */

/* Begin PBXFrameworksBuildPhase section */
		1B9873EE1D47A5540015E54C /* Frameworks */ = {
			isa = PBXFrameworksBuildPhase;
			buildActionMask = 2147483647;
			files = (
				1A1E31C0237DF95D009DE35C /* HapInAVFoundation.framework in Frameworks */,
				1B5CDF631F438FD700D5D057 /* VideoToolbox.framework in Frameworks */,
				1B5CDF5D1F438FD100D5D057 /* MediaToolbox.framework in Frameworks */,
				1B522FA41F26995000550454 /* Accelerate.framework in Frameworks */,
				1B27810F1F263EDE00658C0B /* OpenGL.framework in Frameworks */,
				1B2780751F213A2200658C0B /* Synopsis.framework in Frameworks */,
				1B96FE801E08AD2A00DE4BD3 /* CoreMedia.framework in Frameworks */,
				1B96FE7E1E08AD2000DE4BD3 /* Quartz.framework in Frameworks */,
				1B0B63501D641CC900AA5D0E /* AVFoundation.framework in Frameworks */,
				1B0B634E1D641CC100AA5D0E /* Cocoa.framework in Frameworks */,
				1B0D64391D4FB21F00A1AB5D /* libz.tbd in Frameworks */,
			);
			runOnlyForDeploymentPostprocessing = 0;
		};
/* End PBXFrameworksBuildPhase section */

/* Begin PBXGroup section */
		1A1E31B1237DF94C009DE35C /* Products */ = {
			isa = PBXGroup;
			children = (
				1A1E31B9237DF94C009DE35C /* HapInAVFoundation.framework */,
				1AA37A07238C8C610090520B /* libHapInAVFoundation.a */,
				1A1E31BB237DF94C009DE35C /* HapInAVF Test App.app */,
				1A1E31BD237DF94C009DE35C /* AVF Batch Converter.app */,
				1AA37A09238C8C610090520B /* AVFtoHap */,
			);
			name = Products;
			sourceTree = "<group>";
		};
		1B0B63511D641CD100AA5D0E /* Frameworks */ = {
			isa = PBXGroup;
			children = (
				1B0B634F1D641CC900AA5D0E /* AVFoundation.framework */,
				1B0B634D1D641CC100AA5D0E /* Cocoa.framework */,
			);
			name = Frameworks;
			path = ..;
			sourceTree = "<group>";
		};
		1B5FE02A1DF9F1FE009CF677 /* CollectionView */ = {
			isa = PBXGroup;
			children = (
				1B9874141D48014C0015E54C /* SynopsisCollectionViewItem.h */,
				1B9874151D48014C0015E54C /* SynopsisCollectionViewItem.mm */,
				1BD710AC1D620070007D61B9 /* SynopsisCollectionViewItemView.h */,
				1BD710AD1D620070007D61B9 /* SynopsisCollectionViewItemView.m */,
				1BD710AF1D620AC8007D61B9 /* AAPLWrappedLayout.h */,
				1BD710B01D620AC8007D61B9 /* AAPLWrappedLayout.m */,
				1B5FE0271DF9F1F9009CF677 /* TSNELayout.h */,
				1B5FE0281DF9F1F9009CF677 /* TSNELayout.mm */,
				1BCFBC181E0B25740008CB03 /* DBScanLayout.h */,
				1BCFBC191E0B25740008CB03 /* DBScanLayout.mm */,
				1B5FE02B1DF9F380009CF677 /* BTSNE */,
			);
			name = CollectionView;
			sourceTree = "<group>";
		};
		1B5FE02B1DF9F380009CF677 /* BTSNE */ = {
			isa = PBXGroup;
			children = (
				1B5FE02C1DF9F38E009CF677 /* LICENSE.txt */,
				1B5FE02D1DF9F38E009CF677 /* sptree.cpp */,
				1B5FE02E1DF9F38E009CF677 /* sptree.h */,
				1B5FE02F1DF9F38E009CF677 /* tsne.cpp */,
				1B5FE0301DF9F38E009CF677 /* tsne.h */,
				1B5FE0311DF9F38E009CF677 /* vptree.h */,
			);
			name = BTSNE;
			sourceTree = "<group>";
		};
		1B96FE7C1E08AD2000DE4BD3 /* Frameworks */ = {
			isa = PBXGroup;
			children = (
				1AA37A01238C8C600090520B /* AppKit.framework */,
				1B5CDF621F438FD700D5D057 /* VideoToolbox.framework */,
				1B5CDF5C1F438FD100D5D057 /* MediaToolbox.framework */,
				1B522FA31F26995000550454 /* Accelerate.framework */,
				1B27810E1F263EDE00658C0B /* OpenGL.framework */,
				1B96FE7F1E08AD2A00DE4BD3 /* CoreMedia.framework */,
				1B96FE7D1E08AD2000DE4BD3 /* Quartz.framework */,
			);
			name = Frameworks;
			sourceTree = "<group>";
		};
		1B9873E81D47A5540015E54C = {
			isa = PBXGroup;
			children = (
				1B9873F31D47A5540015E54C /* Synopsis Inspector */,
				1B9873F21D47A5540015E54C /* Products */,
				1B96FE7C1E08AD2000DE4BD3 /* Frameworks */,
				1A1E31B0237DF94C009DE35C /* HapInAVFoundation.xcodeproj */,
				1BBB10E81D5558C400C22439 /* Synopsis-Framework.xcodeproj */,
			);
			sourceTree = "<group>";
		};
		1B9873F21D47A5540015E54C /* Products */ = {
			isa = PBXGroup;
			children = (
				1B9873F11D47A5540015E54C /* Synopsis Inspector.app */,
			);
			name = Products;
			sourceTree = "<group>";
		};
		1B9873F31D47A5540015E54C /* Synopsis Inspector */ = {
			isa = PBXGroup;
			children = (
				1B9873F41D47A5540015E54C /* AppDelegate.h */,
				1B9873F51D47A5540015E54C /* AppDelegate.m */,
				1B2781061F253CEC00658C0B /* SynopsisMediaCache.h */,
				1B2781071F253CEC00658C0B /* SynopsisMediaCache.m */,
				1B972855217948C400C78FBF /* PlayerView.h */,
				1B972856217948C400C78FBF /* PlayerView.m */,
				1B5FE02A1DF9F1FE009CF677 /* CollectionView */,
				1BDC34341D6AB02600D210E8 /* Inspector */,
				1B9874161D48014C0015E54C /* SynopsisCollectionViewItem.xib */,
				1B9873FA1D47A5540015E54C /* Assets.xcassets */,
				1B9873FC1D47A5540015E54C /* MainMenu.xib */,
				1ACF9365238EB78E00D5CC05 /* DataController.h */,
				1ACF9366238EB78E00D5CC05 /* DataController.m */,
				1B9873FF1D47A5540015E54C /* Info.plist */,
				1B0B63511D641CD100AA5D0E /* Frameworks */,
				1B9873F71D47A5540015E54C /* Supporting Files */,
				1A348CAF238D5E5E0049878A /* SynopsisCacheWithHap.h */,
				1A348CB0238D5E5E0049878A /* SynopsisCacheWithHap.m */,
				1AF4D319238F11F50047A22C /* FileController.h */,
				1AF4D31A238F11F50047A22C /* FileController.m */,
			);
			path = "Synopsis Inspector";
			sourceTree = "<group>";
		};
		1B9873F71D47A5540015E54C /* Supporting Files */ = {
			isa = PBXGroup;
			children = (
				1B0D64381D4FB21F00A1AB5D /* libz.tbd */,
				1B9873F81D47A5540015E54C /* main.m */,
				1B0D643A1D4FD48E00A1AB5D /* CustomVisualEffectView.h */,
				1B0D643B1D4FD48E00A1AB5D /* CustomVisualEffectView.m */,
				1BDC34441D6F8FFE00D210E8 /* TransparentView.h */,
				1BDC34451D6F8FFE00D210E8 /* TransparentView.m */,
				1BDC34471D6F90FC00D210E8 /* TransparentTabView.h */,
				1BDC34481D6F90FC00D210E8 /* TransparentTabView.m */,
				1BAA806E1D7243F300464810 /* TransparentCollectionView.h */,
				1BAA806F1D7243F300464810 /* TransparentCollectionView.m */,
				1BC71D411F1504CB006DD7DC /* Credits.rtf */,
			);
			name = "Supporting Files";
			sourceTree = "<group>";
		};
		1BBB10E91D5558C400C22439 /* Products */ = {
			isa = PBXGroup;
			children = (
				1BBB10ED1D5558C400C22439 /* Synopsis.framework */,
				1BFB133C1F21378C002C4651 /* Synopsis.framework */,
				1B7155C91EFC97F000266150 /* Synopsis.framework */,
			);
			name = Products;
			sourceTree = "<group>";
		};
		1BDC34341D6AB02600D210E8 /* Inspector */ = {
			isa = PBXGroup;
			children = (
				1AFB962C238DA67000ECAC06 /* FlippedClipView.h */,
				1AFB9633238DA67100ECAC06 /* FlippedClipView.m */,
				1BDC34381D6AB30800D210E8 /* MetadataInspectorViewController.h */,
				1BDC34391D6AB30800D210E8 /* MetadataInspectorViewController.m */,
				1BDC34411D6CE38C00D210E8 /* MetadataLayerBackedView.h */,
				1BDC34421D6CE38C00D210E8 /* MetadataLayerBackedView.m */,
				1BDC34311D6AB02100D210E8 /* MetadataDominantColorsView.h */,
				1BDC34321D6AB02100D210E8 /* MetadataDominantColorsView.m */,
				1BDC343B1D6B64BD00D210E8 /* MetadataHistogramView.h */,
				1BDC343C1D6B64BD00D210E8 /* MetadataHistogramView.m */,
				1BDC343E1D6CE2B900D210E8 /* MetadataMotionView.h */,
				1BDC343F1D6CE2B900D210E8 /* MetadataMotionView.m */,
				1BCFBEC11E1C41580008CB03 /* MetadataSingleValueHistoryView.h */,
				1BCFBEC21E1C41580008CB03 /* MetadataSingleValueHistoryView.m */,
				1B7155C41EFC97EE00266150 /* MetadataFeatureVectorView.h */,
				1B7155C51EFC97EE00266150 /* MetadataFeatureVectorView.m */,
			);
			name = Inspector;
			sourceTree = "<group>";
		};
/* End PBXGroup section */

/* Begin PBXNativeTarget section */
		1B9873F01D47A5540015E54C /* Synopsis Inspector */ = {
			isa = PBXNativeTarget;
			buildConfigurationList = 1B9874021D47A5540015E54C /* Build configuration list for PBXNativeTarget "Synopsis Inspector" */;
			buildPhases = (
				1B9873ED1D47A5540015E54C /* Sources */,
				1B9873EE1D47A5540015E54C /* Frameworks */,
				1B9873EF1D47A5540015E54C /* Resources */,
				1BBB10F81D555DD400C22439 /* CopyFiles */,
				1B96FE7B1E08A43100DE4BD3 /* ShellScript */,
			);
			buildRules = (
			);
			dependencies = (
				1A1E31BF237DF953009DE35C /* PBXTargetDependency */,
				1BFB133E1F213790002C4651 /* PBXTargetDependency */,
			);
			name = "Synopsis Inspector";
			productName = Synopslight;
			productReference = 1B9873F11D47A5540015E54C /* Synopsis Inspector.app */;
			productType = "com.apple.product-type.application";
		};
/* End PBXNativeTarget section */

/* Begin PBXProject section */
		1B9873E91D47A5540015E54C /* Project object */ = {
			isa = PBXProject;
			attributes = {
				LastUpgradeCheck = 0730;
				ORGANIZATIONNAME = v002;
				TargetAttributes = {
					1B9873F01D47A5540015E54C = {
						CreatedOnToolsVersion = 7.3.1;
						DevelopmentTeam = SHG3AW6YV7;
						ProvisioningStyle = Automatic;
					};
				};
			};
			buildConfigurationList = 1B9873EC1D47A5540015E54C /* Build configuration list for PBXProject "Synopsis Inspector" */;
			compatibilityVersion = "Xcode 3.2";
			developmentRegion = English;
			hasScannedForEncodings = 0;
			knownRegions = (
				English,
				en,
				Base,
			);
			mainGroup = 1B9873E81D47A5540015E54C;
			productRefGroup = 1B9873F21D47A5540015E54C /* Products */;
			projectDirPath = "";
			projectReferences = (
				{
					ProductGroup = 1A1E31B1237DF94C009DE35C /* Products */;
					ProjectRef = 1A1E31B0237DF94C009DE35C /* HapInAVFoundation.xcodeproj */;
				},
				{
					ProductGroup = 1BBB10E91D5558C400C22439 /* Products */;
					ProjectRef = 1BBB10E81D5558C400C22439 /* Synopsis-Framework.xcodeproj */;
				},
			);
			projectRoot = "";
			targets = (
				1B9873F01D47A5540015E54C /* Synopsis Inspector */,
			);
		};
/* End PBXProject section */

/* Begin PBXReferenceProxy section */
		1A1E31B9237DF94C009DE35C /* HapInAVFoundation.framework */ = {
			isa = PBXReferenceProxy;
			fileType = wrapper.framework;
			path = HapInAVFoundation.framework;
			remoteRef = 1A1E31B8237DF94C009DE35C /* PBXContainerItemProxy */;
			sourceTree = BUILT_PRODUCTS_DIR;
		};
		1A1E31BB237DF94C009DE35C /* HapInAVF Test App.app */ = {
			isa = PBXReferenceProxy;
			fileType = wrapper.application;
			path = "HapInAVF Test App.app";
			remoteRef = 1A1E31BA237DF94C009DE35C /* PBXContainerItemProxy */;
			sourceTree = BUILT_PRODUCTS_DIR;
		};
		1A1E31BD237DF94C009DE35C /* AVF Batch Converter.app */ = {
			isa = PBXReferenceProxy;
			fileType = wrapper.application;
			path = "AVF Batch Converter.app";
			remoteRef = 1A1E31BC237DF94C009DE35C /* PBXContainerItemProxy */;
			sourceTree = BUILT_PRODUCTS_DIR;
		};
		1AA37A07238C8C610090520B /* libHapInAVFoundation.a */ = {
			isa = PBXReferenceProxy;
			fileType = archive.ar;
			path = libHapInAVFoundation.a;
			remoteRef = 1AA37A06238C8C610090520B /* PBXContainerItemProxy */;
			sourceTree = BUILT_PRODUCTS_DIR;
		};
		1AA37A09238C8C610090520B /* AVFtoHap */ = {
			isa = PBXReferenceProxy;
			fileType = "compiled.mach-o.executable";
			path = AVFtoHap;
			remoteRef = 1AA37A08238C8C610090520B /* PBXContainerItemProxy */;
			sourceTree = BUILT_PRODUCTS_DIR;
		};
		1B7155C91EFC97F000266150 /* Synopsis.framework */ = {
			isa = PBXReferenceProxy;
			fileType = wrapper.framework;
			path = Synopsis.framework;
			remoteRef = 1B7155C81EFC97F000266150 /* PBXContainerItemProxy */;
			sourceTree = BUILT_PRODUCTS_DIR;
		};
		1BBB10ED1D5558C400C22439 /* Synopsis.framework */ = {
			isa = PBXReferenceProxy;
			fileType = wrapper.framework;
			path = Synopsis.framework;
			remoteRef = 1BBB10EC1D5558C400C22439 /* PBXContainerItemProxy */;
			sourceTree = BUILT_PRODUCTS_DIR;
		};
		1BFB133C1F21378C002C4651 /* Synopsis.framework */ = {
			isa = PBXReferenceProxy;
			fileType = wrapper.framework;
			path = Synopsis.framework;
			remoteRef = 1BFB133B1F21378C002C4651 /* PBXContainerItemProxy */;
			sourceTree = BUILT_PRODUCTS_DIR;
		};
/* End PBXReferenceProxy section */

/* Begin PBXResourcesBuildPhase section */
		1B9873EF1D47A5540015E54C /* Resources */ = {
			isa = PBXResourcesBuildPhase;
			buildActionMask = 2147483647;
			files = (
				1B9873FB1D47A5540015E54C /* Assets.xcassets in Resources */,
				1B9874181D48014C0015E54C /* SynopsisCollectionViewItem.xib in Resources */,
				1BC71D421F1504CB006DD7DC /* Credits.rtf in Resources */,
				1B9873FE1D47A5540015E54C /* MainMenu.xib in Resources */,
			);
			runOnlyForDeploymentPostprocessing = 0;
		};
/* End PBXResourcesBuildPhase section */

/* Begin PBXShellScriptBuildPhase section */
		1B96FE7B1E08A43100DE4BD3 /* ShellScript */ = {
			isa = PBXShellScriptBuildPhase;
			buildActionMask = 2147483647;
			files = (
			);
			inputPaths = (
			);
			outputPaths = (
			);
			runOnlyForDeploymentPostprocessing = 0;
			shellPath = /bin/sh;
			shellScript = "#install_name_tool -change \"@rpath/libomp.dylib\" \"@loader_path/libomp.dylib\" \"$TARGET_BUILD_DIR/$PRODUCT_NAME.app/Contents/Frameworks/libomp.dylib\"\n";
		};
/* End PBXShellScriptBuildPhase section */

/* Begin PBXSourcesBuildPhase section */
		1B9873ED1D47A5540015E54C /* Sources */ = {
			isa = PBXSourcesBuildPhase;
			buildActionMask = 2147483647;
			files = (
				1BDC34461D6F8FFE00D210E8 /* TransparentView.m in Sources */,
				1BAA80701D7243F300464810 /* TransparentCollectionView.m in Sources */,
				1BD710AE1D620070007D61B9 /* SynopsisCollectionViewItemView.m in Sources */,
				1B5FE0331DF9F38E009CF677 /* sptree.cpp in Sources */,
				1B972857217948C400C78FBF /* PlayerView.m in Sources */,
				1BDC34431D6CE38C00D210E8 /* MetadataLayerBackedView.m in Sources */,
				1B7155C61EFC97EE00266150 /* MetadataFeatureVectorView.m in Sources */,
				1AF4D31B238F11F50047A22C /* FileController.m in Sources */,
				1BDC34491D6F90FC00D210E8 /* TransparentTabView.m in Sources */,
				1B5FE0351DFA1044009CF677 /* TSNELayout.mm in Sources */,
				1BCFBEC31E1C41580008CB03 /* MetadataSingleValueHistoryView.m in Sources */,
				1B0D643C1D4FD48E00A1AB5D /* CustomVisualEffectView.m in Sources */,
				1B9873F91D47A5540015E54C /* main.m in Sources */,
				1BDC34331D6AB02100D210E8 /* MetadataDominantColorsView.m in Sources */,
				1A348CB1238D5E5E0049878A /* SynopsisCacheWithHap.m in Sources */,
				1BDC343A1D6AB30800D210E8 /* MetadataInspectorViewController.m in Sources */,
				1B5FE0341DF9F38E009CF677 /* tsne.cpp in Sources */,
				1BD710B11D620AC8007D61B9 /* AAPLWrappedLayout.m in Sources */,
				1AFB9634238DA67100ECAC06 /* FlippedClipView.m in Sources */,
				1BDC343D1D6B64BD00D210E8 /* MetadataHistogramView.m in Sources */,
				1ACF9367238EB78E00D5CC05 /* DataController.m in Sources */,
				1B9873F61D47A5540015E54C /* AppDelegate.m in Sources */,
				1BDC34401D6CE2B900D210E8 /* MetadataMotionView.m in Sources */,
				1B9874171D48014C0015E54C /* SynopsisCollectionViewItem.mm in Sources */,
			);
			runOnlyForDeploymentPostprocessing = 0;
		};
/* End PBXSourcesBuildPhase section */

/* Begin PBXTargetDependency section */
		1A1E31BF237DF953009DE35C /* PBXTargetDependency */ = {
			isa = PBXTargetDependency;
			name = HapInAVFoundation;
			targetProxy = 1A1E31BE237DF953009DE35C /* PBXContainerItemProxy */;
		};
		1BFB133E1F213790002C4651 /* PBXTargetDependency */ = {
			isa = PBXTargetDependency;
			name = "Synopsis-Decoder-macOS";
			targetProxy = 1BFB133D1F213790002C4651 /* PBXContainerItemProxy */;
		};
/* End PBXTargetDependency section */

/* Begin PBXVariantGroup section */
		1B9873FC1D47A5540015E54C /* MainMenu.xib */ = {
			isa = PBXVariantGroup;
			children = (
				1B9873FD1D47A5540015E54C /* Base */,
			);
			name = MainMenu.xib;
			sourceTree = "<group>";
		};
/* End PBXVariantGroup section */

/* Begin XCBuildConfiguration section */
		1B9874001D47A5540015E54C /* Debug */ = {
			isa = XCBuildConfiguration;
			buildSettings = {
				ALWAYS_SEARCH_USER_PATHS = NO;
				CC = /usr/local/opt/llvm/bin/clang;
				CLANG_ANALYZER_NONNULL = YES;
				CLANG_CXX_LANGUAGE_STANDARD = "gnu++0x";
				CLANG_CXX_LIBRARY = "libc++";
				CLANG_ENABLE_MODULES = YES;
				CLANG_ENABLE_OBJC_ARC = YES;
				CLANG_WARN_BOOL_CONVERSION = YES;
				CLANG_WARN_CONSTANT_CONVERSION = YES;
				CLANG_WARN_DIRECT_OBJC_ISA_USAGE = YES_ERROR;
				CLANG_WARN_EMPTY_BODY = YES;
				CLANG_WARN_ENUM_CONVERSION = YES;
				CLANG_WARN_INT_CONVERSION = YES;
				CLANG_WARN_OBJC_ROOT_CLASS = YES_ERROR;
				CLANG_WARN_UNREACHABLE_CODE = YES;
				CLANG_WARN__DUPLICATE_METHOD_MATCH = YES;
				CODE_SIGN_IDENTITY = "-";
				COPY_PHASE_STRIP = NO;
				DEBUG_INFORMATION_FORMAT = dwarf;
				ENABLE_STRICT_OBJC_MSGSEND = YES;
				ENABLE_TESTABILITY = YES;
				GCC_C_LANGUAGE_STANDARD = gnu99;
				GCC_DYNAMIC_NO_PIC = NO;
				GCC_NO_COMMON_BLOCKS = YES;
				GCC_OPTIMIZATION_LEVEL = 0;
				GCC_PREPROCESSOR_DEFINITIONS = (
					"DEBUG=1",
					"$(inherited)",
				);
				GCC_WARN_64_TO_32_BIT_CONVERSION = YES;
				GCC_WARN_ABOUT_RETURN_TYPE = YES_ERROR;
				GCC_WARN_UNDECLARED_SELECTOR = YES;
				GCC_WARN_UNINITIALIZED_AUTOS = YES_AGGRESSIVE;
				GCC_WARN_UNUSED_FUNCTION = YES;
				GCC_WARN_UNUSED_VARIABLE = YES;
				MACOSX_DEPLOYMENT_TARGET = 10.11;
				MTL_ENABLE_DEBUG_INFO = YES;
				ONLY_ACTIVE_ARCH = YES;
				SDKROOT = macosx;
			};
			name = Debug;
		};
		1B9874011D47A5540015E54C /* Release */ = {
			isa = XCBuildConfiguration;
			buildSettings = {
				ALWAYS_SEARCH_USER_PATHS = NO;
				CC = /usr/local/opt/llvm/bin/clang;
				CLANG_ANALYZER_NONNULL = YES;
				CLANG_CXX_LANGUAGE_STANDARD = "gnu++0x";
				CLANG_CXX_LIBRARY = "libc++";
				CLANG_ENABLE_MODULES = YES;
				CLANG_ENABLE_OBJC_ARC = YES;
				CLANG_WARN_BOOL_CONVERSION = YES;
				CLANG_WARN_CONSTANT_CONVERSION = YES;
				CLANG_WARN_DIRECT_OBJC_ISA_USAGE = YES_ERROR;
				CLANG_WARN_EMPTY_BODY = YES;
				CLANG_WARN_ENUM_CONVERSION = YES;
				CLANG_WARN_INT_CONVERSION = YES;
				CLANG_WARN_OBJC_ROOT_CLASS = YES_ERROR;
				CLANG_WARN_UNREACHABLE_CODE = YES;
				CLANG_WARN__DUPLICATE_METHOD_MATCH = YES;
				CODE_SIGN_IDENTITY = "-";
				COPY_PHASE_STRIP = NO;
				DEBUG_INFORMATION_FORMAT = "dwarf-with-dsym";
				ENABLE_NS_ASSERTIONS = NO;
				ENABLE_STRICT_OBJC_MSGSEND = YES;
				GCC_C_LANGUAGE_STANDARD = gnu99;
				GCC_NO_COMMON_BLOCKS = YES;
				GCC_WARN_64_TO_32_BIT_CONVERSION = YES;
				GCC_WARN_ABOUT_RETURN_TYPE = YES_ERROR;
				GCC_WARN_UNDECLARED_SELECTOR = YES;
				GCC_WARN_UNINITIALIZED_AUTOS = YES_AGGRESSIVE;
				GCC_WARN_UNUSED_FUNCTION = YES;
				GCC_WARN_UNUSED_VARIABLE = YES;
				MACOSX_DEPLOYMENT_TARGET = 10.11;
				MTL_ENABLE_DEBUG_INFO = NO;
				SDKROOT = macosx;
			};
			name = Release;
		};
		1B9874031D47A5540015E54C /* Debug */ = {
			isa = XCBuildConfiguration;
			buildSettings = {
				ASSETCATALOG_COMPILER_APPICON_NAME = AppIcon;
				CC = "";
				CLANG_ENABLE_MODULES = NO;
				CODE_SIGN_IDENTITY = "";
				COMBINE_HIDPI_IMAGES = YES;
				DEVELOPMENT_TEAM = "";
				GCC_PREPROCESSOR_DEFINITIONS = "DEBUG=1";
				"GCC_PREPROCESSOR_DEFINITIONS[arch=*]" = DECODER_ONLY;
				GCC_VERSION = "";
				HEADER_SEARCH_PATHS = (
					"\"$(PROJECT_DIR)/Synopsis Inspector/libboost\"",
					/usr/local/include,
				);
				INFOPLIST_FILE = "$(SRCROOT)/Synopsis Inspector/Info.plist";
				LD_RUNPATH_SEARCH_PATHS = "$(inherited) @executable_path/../Frameworks";
				MACOSX_DEPLOYMENT_TARGET = 10.11;
				OTHER_CFLAGS = "";
				OTHER_CODE_SIGN_FLAGS = "--deep";
				OTHER_CPLUSPLUSFLAGS = "$(OTHER_CFLAGS)";
				OTHER_LIBTOOLFLAGS = "";
				OTHER_TAPI_FLAGS = "";
				PRODUCT_BUNDLE_IDENTIFIER = "info.Synopsis.Synopsis-Inspector";
				PRODUCT_NAME = "Synopsis Inspector";
				SDKROOT = macosx;
			};
			name = Debug;
		};
		1B9874041D47A5540015E54C /* Release */ = {
			isa = XCBuildConfiguration;
			buildSettings = {
				ASSETCATALOG_COMPILER_APPICON_NAME = AppIcon;
				CC = "";
				CLANG_ENABLE_MODULES = NO;
				CODE_SIGN_IDENTITY = "";
				COMBINE_HIDPI_IMAGES = YES;
				DEVELOPMENT_TEAM = "";
				GCC_PREPROCESSOR_DEFINITIONS = "";
				"GCC_PREPROCESSOR_DEFINITIONS[arch=*]" = DECODER_ONLY;
				GCC_VERSION = "";
				HEADER_SEARCH_PATHS = (
					"\"$(PROJECT_DIR)/Synopsis Inspector/libboost\"",
					/usr/local/include,
				);
				INFOPLIST_FILE = "$(SRCROOT)/Synopsis Inspector/Info.plist";
				LD_RUNPATH_SEARCH_PATHS = "$(inherited) @executable_path/../Frameworks";
				MACOSX_DEPLOYMENT_TARGET = 10.11;
				OTHER_CFLAGS = "";
				OTHER_CODE_SIGN_FLAGS = "--deep";
				OTHER_CPLUSPLUSFLAGS = "$(OTHER_CFLAGS)";
				OTHER_LIBTOOLFLAGS = "";
				OTHER_TAPI_FLAGS = "";
				PRODUCT_BUNDLE_IDENTIFIER = "info.Synopsis.Synopsis-Inspector";
				PRODUCT_NAME = "Synopsis Inspector";
				SDKROOT = macosx;
			};
			name = Release;
		};
/* End XCBuildConfiguration section */

/* Begin XCConfigurationList section */
		1B9873EC1D47A5540015E54C /* Build configuration list for PBXProject "Synopsis Inspector" */ = {
			isa = XCConfigurationList;
			buildConfigurations = (
				1B9874001D47A5540015E54C /* Debug */,
				1B9874011D47A5540015E54C /* Release */,
			);
			defaultConfigurationIsVisible = 0;
			defaultConfigurationName = Release;
		};
		1B9874021D47A5540015E54C /* Build configuration list for PBXNativeTarget "Synopsis Inspector" */ = {
			isa = XCConfigurationList;
			buildConfigurations = (
				1B9874031D47A5540015E54C /* Debug */,
				1B9874041D47A5540015E54C /* Release */,
			);
			defaultConfigurationIsVisible = 0;
			defaultConfigurationName = Release;
		};
/* End XCConfigurationList section */
	};
	rootObject = 1B9873E91D47A5540015E54C /* Project object */;
}
